
Microsoft Visual Studio Solution File, Format Version 12.00
# Visual Studio Version 16
VisualStudioVersion = 16.0.32126.315
MinimumVisualStudioVersion = 10.0.40219.1
Project("{9A19103F-16F7-4668-BE54-9A1E7A4F7556}") = "TrackerLibrary", "TrackerLibrary\TrackerLibrary.csproj", "{DA64F022-8F29-4686-A738-4B1A88472A49}"
EndProject
Project("{FAE04EC0-301F-11D3-BF4B-00C04F79EFBC}") = "TrackerUI", "TrackerUI\TrackerUI.csproj", "{5B48ED70-3C0B-4CEC-882E-990A9D3FA68E}"
EndProject
Global
	GlobalSection(SolutionConfigurationPlatforms) = preSolution
		Debug|Any CPU = Debug|Any CPU
		Release|Any CPU = Release|Any CPU
	EndGlobalSection
	GlobalSection(ProjectConfigurationPlatforms) = postSolution
		{DA64F022-8F29-4686-A738-4B1A88472A49}.Debug|Any CPU.ActiveCfg = Debug|Any CPU
		{DA64F022-8F29-4686-A738-4B1A88472A49}.Debug|Any CPU.Build.0 = Debug|Any CPU
		{DA64F022-8F29-4686-A738-4B1A88472A49}.Release|Any CPU.ActiveCfg = Release|Any CPU
		{DA64F022-8F29-4686-A738-4B1A88472A49}.Release|Any CPU.Build.0 = Release|Any CPU
		{5B48ED70-3C0B-4CEC-882E-990A9D3FA68E}.Debug|Any CPU.ActiveCfg = Debug|Any CPU
		{5B48ED70-3C0B-4CEC-882E-990A9D3FA68E}.Debug|Any CPU.Build.0 = Debug|Any CPU
		{5B48ED70-3C0B-4CEC-882E-990A9D3FA68E}.Release|Any CPU.ActiveCfg = Release|Any CPU
		{5B48ED70-3C0B-4CEC-882E-990A9D3FA68E}.Release|Any CPU.Build.0 = Release|Any CPU
	EndGlobalSection
	GlobalSection(SolutionProperties) = preSolution
		HideSolutionNode = FALSE
	EndGlobalSection
	GlobalSection(ExtensibilityGlobals) = postSolution
		SolutionGuid = {279E8D55-B6F6-4CCF-86C1-1FF2FA2CE151}
	EndGlobalSection
EndGlobal
